# This file is generated by running "yarn install" inside your project.
# Manual changes might be lost - proceed with caution!

__metadata:
  version: 6
  cacheKey: 8

"@discordjs/builders@npm:^1.6.3":
  version: 1.6.3
  resolution: "@discordjs/builders@npm:1.6.3"
  dependencies:
    "@discordjs/formatters": ^0.3.1
    "@discordjs/util": ^0.3.1
    "@sapphire/shapeshift": ^3.8.2
    discord-api-types: ^0.37.41
    fast-deep-equal: ^3.1.3
    ts-mixer: ^6.0.3
    tslib: ^2.5.0
  checksum: 6a0c07fb910d8a6701f58f51f9f85a486c1f608bb7b81656581591b57eb54680db0a7715ac25b4659c115231bfd8c4ff706cc4ccffb4da308ad24233dc6524b3
  languageName: node
  linkType: hard

"@discordjs/collection@npm:^1.5.1":
  version: 1.5.1
  resolution: "@discordjs/collection@npm:1.5.1"
  checksum: 98cc9cff3c7e6f919097b7ffc96f0a13eba2a90265d187b4db5f8cc09b550efd3d9fc952a21d92a08baf7d9e06d0bfa0467e8d0dbccb2d2f8eb0ee124b8b38d4
  languageName: node
  linkType: hard

"@discordjs/formatters@npm:^0.3.1":
  version: 0.3.1
  resolution: "@discordjs/formatters@npm:0.3.1"
  dependencies:
    discord-api-types: ^0.37.41
  checksum: 96355687853a203b280484419cd96a79b79b4b98f0469ec15be073862fb340cbd60ca2ea68f3d4684e17ff0e8c5f04ddcc6dd88188808e01fcbe0e3eea052d6d
  languageName: node
  linkType: hard

"@discordjs/rest@npm:^1.7.1":
  version: 1.7.1
  resolution: "@discordjs/rest@npm:1.7.1"
  dependencies:
    "@discordjs/collection": ^1.5.1
    "@discordjs/util": ^0.3.0
    "@sapphire/async-queue": ^1.5.0
    "@sapphire/snowflake": ^3.4.2
    discord-api-types: ^0.37.41
    file-type: ^18.3.0
    tslib: ^2.5.0
    undici: ^5.22.0
  checksum: 397dca0f2433dcc20c98805427388dd2ab09b906c429185e5d7cfc5057ad7b2a815653482476cffb64b8e1c3628ff254d927796316956d737375be22383c88d7
  languageName: node
  linkType: hard

"@discordjs/util@npm:^0.3.0, @discordjs/util@npm:^0.3.1":
  version: 0.3.1
  resolution: "@discordjs/util@npm:0.3.1"
  checksum: afd53427bc25c84e05cd34d6daf355cab14629a5f340d33528ea18d3a1177e777584bc5847cfcb7711c7387252c34917d749a0b1a91a99d2ce572878208212df
  languageName: node
  linkType: hard

"@discordjs/ws@npm:^0.8.2":
  version: 0.8.2
  resolution: "@discordjs/ws@npm:0.8.2"
  dependencies:
    "@discordjs/collection": ^1.5.1
    "@discordjs/rest": ^1.7.1
    "@discordjs/util": ^0.3.0
    "@sapphire/async-queue": ^1.5.0
    "@types/ws": ^8.5.4
    "@vladfrangu/async_event_emitter": ^2.2.1
    discord-api-types: ^0.37.41
    tslib: ^2.5.0
    ws: ^8.13.0
  checksum: 577d97e420def35672b6fcffee8c56e51e237ca986846fdfc12f32186102f71afd20ec9c4087cb3b0ab6be09df2d8cff9df363b4f5f2324acde46fe1ca5e28d8
  languageName: node
  linkType: hard

"@sapphire/async-queue@npm:^1.5.0":
  version: 1.5.0
  resolution: "@sapphire/async-queue@npm:1.5.0"
  checksum: 983dbd1fd1b1798496e5edb6a0db7e4d90015160e1028f20475eab0a92625513f1e8d938bc0305811a9cec461c94e01b1e4191615ff03ba49356f568f3255250
  languageName: node
  linkType: hard

"@sapphire/decorators@npm:^6.0.1":
  version: 6.0.1
  resolution: "@sapphire/decorators@npm:6.0.1"
  dependencies:
    tslib: ^2.5.0
  checksum: 348891a24f572eba80e805c30fb517987bf8cdf13318e2f1b0584f61e6fe10027593c0123fe5eff37a815d3a9fefab26c926b73c29a6b672faf9f074ef6b4044
  languageName: node
  linkType: hard

"@sapphire/discord-utilities@npm:^3.0.3":
  version: 3.0.3
  resolution: "@sapphire/discord-utilities@npm:3.0.3"
  dependencies:
    discord-api-types: ^0.37.41
  checksum: 37cc5f206bb5b1b19249f8aa034432e29ac123862442f42e3ec8f9e145219813cde682380530adde1138efdefbfcf3c0d04c1bf730c97dc22b853cd17908104c
  languageName: node
  linkType: hard

"@sapphire/discord.js-utilities@npm:6.0.7":
  version: 6.0.7
  resolution: "@sapphire/discord.js-utilities@npm:6.0.7"
  dependencies:
    "@sapphire/discord-utilities": ^3.0.3
    "@sapphire/duration": ^1.1.0
    "@sapphire/utilities": ^3.11.1
    tslib: ^2.5.0
  checksum: c74d41057caeb66b8c832f783d5a81bbacdefab79c47196f4bf76c4fecf38d5ad4d85b5c55298d153316153343224eb696eb800753413ad49b40a8fc206a747e
  languageName: node
  linkType: hard

"@sapphire/duration@npm:^1.1.0":
  version: 1.1.0
  resolution: "@sapphire/duration@npm:1.1.0"
  checksum: bf145249804560e20621fb593110dc4084a7597f04669695250921ccc7ca2e867a1f0a914c3fdfc9d120ee13689668a104b86861f312ffcce293e9551f4359c9
  languageName: node
  linkType: hard

"@sapphire/framework@npm:^4.4.3":
  version: 4.4.3
  resolution: "@sapphire/framework@npm:4.4.3"
  dependencies:
    "@discordjs/builders": ^1.6.3
    "@sapphire/discord-utilities": ^3.0.3
    "@sapphire/discord.js-utilities": 6.0.7
    "@sapphire/lexure": ^1.1.4
    "@sapphire/pieces": ^3.6.3
    "@sapphire/ratelimits": ^2.4.6
    "@sapphire/result": ^2.6.3
    "@sapphire/stopwatch": ^1.5.0
    "@sapphire/utilities": ^3.11.1
  checksum: a7f9b57e2c0178fc533e57cd74630ce8cf43dccd355a6792a79cebeb71e8c1fd2644aba8325aa99db5a13a3b72bb1e30b034a2aaaa36f4cb66a21608786779bf
  languageName: node
  linkType: hard

"@sapphire/lexure@npm:^1.1.4":
  version: 1.1.4
  resolution: "@sapphire/lexure@npm:1.1.4"
  dependencies:
    "@sapphire/result": ^2.6.3
  checksum: ce5d581d11fff7992fc6e9e790df758e191a109361282dcc2dfcbb5893a9a8f1af186fcc0a89353076643ec540d549db6e696090d2cdd22bdafa0b80cdd650a3
  languageName: node
  linkType: hard

"@sapphire/pieces@npm:^3.6.3":
  version: 3.6.3
  resolution: "@sapphire/pieces@npm:3.6.3"
  dependencies:
    "@discordjs/collection": ^1.5.1
    "@sapphire/utilities": ^3.11.1
    tslib: ^2.5.0
  checksum: cd515b5bdc5f250cfdf6b249e1dc15a41269d9d73a224c15ff3acbc6d311244ed6c517e69c00af1b364316f1e133f43bb920e283eb914fbefaf1e7b61c33a8a1
  languageName: node
  linkType: hard

"@sapphire/plugin-subcommands@npm:^4.0.1":
  version: 4.0.1
  resolution: "@sapphire/plugin-subcommands@npm:4.0.1"
  dependencies:
    "@sapphire/utilities": ^3.11.1
    tslib: ^2.5.0
  checksum: 2b22ee736fb4f5fdff9808f96242168aa99e0ffa9f2c35d76786eba64707667c2eb03ec4288b0fa133d4cf7007ad30e3b027b8e42c3f63b11c12977f85127f00
  languageName: node
  linkType: hard

"@sapphire/ratelimits@npm:^2.4.6":
  version: 2.4.6
  resolution: "@sapphire/ratelimits@npm:2.4.6"
  checksum: cbec157ea8dc660a8dd045f2d57100289c5eb1ecd9e9bac786b9703cbd9dcea1d39b7d1ea1ca03dac9e266285ddf1767f50195dc7bf88a7cbd5bf25fcca3174f
  languageName: node
  linkType: hard

"@sapphire/result@npm:^2.6.3":
  version: 2.6.3
  resolution: "@sapphire/result@npm:2.6.3"
  dependencies:
    tslib: ^2.5.0
  checksum: e210bf401e6811f1a0ad91b8aa090eecfbe912e38ffd9c6dc87dbcb25de09ba535b077101b02bacbe036bdaf83eb969c2227b2babf61eb08ad883e47bc5eeb73
  languageName: node
  linkType: hard

"@sapphire/shapeshift@npm:^3.8.2":
  version: 3.8.2
  resolution: "@sapphire/shapeshift@npm:3.8.2"
  dependencies:
    fast-deep-equal: ^3.1.3
    lodash: ^4.17.21
  checksum: 5b2b26ad13a4c8c4b03a9500541df6c070776cf0a49cb7c752df147f63afc76976bc0d4c6f5977cf2597062b810557d7069e99c8e039bf22bf54d5d88da58de5
  languageName: node
  linkType: hard

"@sapphire/snowflake@npm:^3.4.2":
  version: 3.4.2
  resolution: "@sapphire/snowflake@npm:3.4.2"
  checksum: 3bcd05608a63f012538aa0a45bc6abe5b19e15979a1012a9b3af1e0901f897e4df83c80d484c87bd1dece1124f5a14a2f86427190b1dca7f116ee34f13c96788
  languageName: node
  linkType: hard

"@sapphire/stopwatch@npm:^1.5.0":
  version: 1.5.0
  resolution: "@sapphire/stopwatch@npm:1.5.0"
  dependencies:
    tslib: ^2.4.0
  checksum: 23c013598d87d2fcc797efe5d2409ae6836b9221d79eacc10b7c2a95f9d694b562b7ad027dc49e9e8125095417199385a15317520fec371bdb8cc7622085e3af
  languageName: node
  linkType: hard

"@sapphire/ts-config@npm:^4.0.0":
  version: 4.0.0
  resolution: "@sapphire/ts-config@npm:4.0.0"
  dependencies:
    tslib: ^2.5.0
    typescript: ^5.0.3
  checksum: 05ede6d5b34e070302e6671180bf46f20185c0ea0aceb6a3a287a00306a40923e32a104ed6795199529669d5448d3ac280cbe7524f6266efaf3938ecf5f7fb36
  languageName: node
  linkType: hard

"@sapphire/utilities@npm:^3.11.1":
  version: 3.11.1
  resolution: "@sapphire/utilities@npm:3.11.1"
  checksum: e70a7d1b8f0d5c810420a2113ed6f4f54956b3ede0afd7aab9f5cea32266ed0946f777838f73f3df8e75bc8d29026d287a5371f544ad28882acdcfd5eb092b69
  languageName: node
  linkType: hard

"@tokenizer/token@npm:^0.3.0":
  version: 0.3.0
  resolution: "@tokenizer/token@npm:0.3.0"
  checksum: 1d575d02d2a9f0c5a4ca5180635ebd2ad59e0f18b42a65f3d04844148b49b3db35cf00b6012a1af2d59c2ab3caca59451c5689f747ba8667ee586ad717ee58e1
  languageName: node
  linkType: hard

"@types/long@npm:^4.0.0":
  version: 4.0.2
  resolution: "@types/long@npm:4.0.2"
  checksum: d16cde7240d834cf44ba1eaec49e78ae3180e724cd667052b194a372f350d024cba8dd3f37b0864931683dab09ca935d52f0c4c1687178af5ada9fc85b0635f4
  languageName: node
  linkType: hard

"@types/node@npm:*, @types/node@npm:>=8, @types/node@npm:^18.16.3":
  version: 18.16.3
  resolution: "@types/node@npm:18.16.3"
  checksum: 816b39d45b05ebdc6f362b630970df3f6d82f71d418a2555353522f4eeeb078fa201de5299f02c09a09faa975e43b2745fe19c263d44069f87ddf37d6c37b717
  languageName: node
  linkType: hard

"@types/ws@npm:^8.5.4":
  version: 8.5.4
  resolution: "@types/ws@npm:8.5.4"
  dependencies:
    "@types/node": "*"
  checksum: fefbad20d211929bb996285c4e6f699b12192548afedbe4930ab4384f8a94577c9cd421acaad163cacd36b88649509970a05a0b8f20615b30c501ed5269038d1
  languageName: node
  linkType: hard

"@vladfrangu/async_event_emitter@npm:^2.2.1":
  version: 2.2.1
  resolution: "@vladfrangu/async_event_emitter@npm:2.2.1"
  checksum: d56c6c9dc0588f5632e5d6ed373fcbcdf5fe6de6cf51dadea86899701fcf53631f41f7473b1f5d9da300bbca20ab9cd192c5c436bb77ce9df9aa60ff59a7b0f2
  languageName: node
  linkType: hard

"adm-zip@npm:^0.5.3":
  version: 0.5.10
  resolution: "adm-zip@npm:0.5.10"
  checksum: 07ed91cf6423bf5dca4ee63977bc7635e91b8d21829c00829d48dce4c6932e1b19e6cfcbe44f1931c956e68795ae97183fc775913883fa48ce88a1ac11fb2034
  languageName: node
  linkType: hard

"appbot-sapphire@workspace:.":
  version: 0.0.0-use.local
  resolution: "appbot-sapphire@workspace:."
  dependencies:
    "@sapphire/decorators": ^6.0.1
    "@sapphire/framework": ^4.4.3
    "@sapphire/plugin-subcommands": ^4.0.1
    "@sapphire/ts-config": ^4.0.0
    "@sapphire/utilities": ^3.11.1
    "@types/node": ^18.16.3
    cassandra-driver: ^4.6.4
    discord.js: ^14.10.2
    typescript: ^5.0.4
    yarn-upgrade-all: ^0.7.2
  languageName: unknown
  linkType: soft

"busboy@npm:^1.6.0":
  version: 1.6.0
  resolution: "busboy@npm:1.6.0"
  dependencies:
    streamsearch: ^1.1.0
  checksum: 32801e2c0164e12106bf236291a00795c3c4e4b709ae02132883fe8478ba2ae23743b11c5735a0aae8afe65ac4b6ca4568b91f0d9fed1fdbc32ede824a73746e
  languageName: node
  linkType: hard

"cassandra-driver@npm:^4.6.4":
  version: 4.6.4
  resolution: "cassandra-driver@npm:4.6.4"
  dependencies:
    "@types/long": ^4.0.0
    "@types/node": ">=8"
    adm-zip: ^0.5.3
    long: ^2.2.0
  checksum: 44e889496472e0cca5bbf70b0cb4b945db164dd3ac6193c62a7157033b987828cd6df14e06248221414ef2b4856e1cdebb3b6f131f3929dacbf02e2e69c8dec3
  languageName: node
  linkType: hard

"discord-api-types@npm:^0.37.41":
  version: 0.37.41
  resolution: "discord-api-types@npm:0.37.41"
  checksum: e8a2dd28afefe30e20652aa8eac3e15b596e7274740ea54088b3713c2a22f9bc883138d8501fa4defe3c45e895aa87fc580b0ef110a9c9ab8609c67e870948ed
  languageName: node
  linkType: hard

"discord.js@npm:^14.10.2":
  version: 14.10.2
  resolution: "discord.js@npm:14.10.2"
  dependencies:
    "@discordjs/builders": ^1.6.3
    "@discordjs/collection": ^1.5.1
    "@discordjs/formatters": ^0.3.1
    "@discordjs/rest": ^1.7.1
    "@discordjs/util": ^0.3.1
    "@discordjs/ws": ^0.8.2
    "@sapphire/snowflake": ^3.4.2
    "@types/ws": ^8.5.4
    discord-api-types: ^0.37.41
    fast-deep-equal: ^3.1.3
    lodash.snakecase: ^4.1.1
    tslib: ^2.5.0
    undici: ^5.22.0
    ws: ^8.13.0
  checksum: 90bfd4769922b9d58a84dfb92708f85c543013c7af36bd7432a84765945fe3375fe783676f46438edbf5160f3aeddf71ed370c4ce0f8db3b641920cd45e24e28
  languageName: node
  linkType: hard

"fast-deep-equal@npm:^3.1.3":
  version: 3.1.3
  resolution: "fast-deep-equal@npm:3.1.3"
  checksum: e21a9d8d84f53493b6aa15efc9cfd53dd5b714a1f23f67fb5dc8f574af80df889b3bce25dc081887c6d25457cce704e636395333abad896ccdec03abaf1f3f9d
  languageName: node
  linkType: hard

"file-type@npm:^18.3.0":
  version: 18.3.0
  resolution: "file-type@npm:18.3.0"
  dependencies:
    readable-web-to-node-stream: ^3.0.2
    strtok3: ^7.0.0
    token-types: ^5.0.1
  checksum: 7b2a08cc1f8737b65837a83b8077ba4ea624e5de82fa866814e634f03e19695fefd755fac440a6eb81a273601a342b05cee1f70f2bc032be8424d7c7d135eb51
  languageName: node
  linkType: hard

"ieee754@npm:^1.2.1":
  version: 1.2.1
  resolution: "ieee754@npm:1.2.1"
  checksum: 5144c0c9815e54ada181d80a0b810221a253562422e7c6c3a60b1901154184f49326ec239d618c416c1c5945a2e197107aee8d986a3dd836b53dffefd99b5e7e
  languageName: node
  linkType: hard

"inherits@npm:^2.0.3":
  version: 2.0.4
  resolution: "inherits@npm:2.0.4"
  checksum: 4a48a733847879d6cf6691860a6b1e3f0f4754176e4d71494c41f3475553768b10f84b5ce1d40fbd0e34e6bfbb864ee35858ad4dd2cf31e02fc4a154b724d7f1
  languageName: node
  linkType: hard

"lodash.snakecase@npm:^4.1.1":
  version: 4.1.1
  resolution: "lodash.snakecase@npm:4.1.1"
  checksum: 1685ed3e83dda6eae5a4dcaee161a51cd210aabb3e1c09c57150e7dd8feda19e4ca0d27d0631eabe8d0f4eaa51e376da64e8c018ae5415417c5890d42feb72a8
  languageName: node
  linkType: hard

"lodash@npm:^4.17.21":
  version: 4.17.21
  resolution: "lodash@npm:4.17.21"
  checksum: eb835a2e51d381e561e508ce932ea50a8e5a68f4ebdd771ea240d3048244a8d13658acbd502cd4829768c56f2e16bdd4340b9ea141297d472517b83868e677f7
  languageName: node
  linkType: hard

"long@npm:^2.2.0":
  version: 2.4.0
  resolution: "long@npm:2.4.0"
  checksum: e24fd5e14be90ba6ec3faa43b3b0f1c4ac88bfdc52471d90f63e173572f6db27c45873e847f8af58283ca3140eb42d7ba11708102f3cc0956793b03305c737e0
  languageName: node
  linkType: hard

"peek-readable@npm:^5.0.0":
  version: 5.0.0
  resolution: "peek-readable@npm:5.0.0"
  checksum: bef5ceb50586eb42e14efba274ac57ffe97f0ed272df9239ce029f688f495d9bf74b2886fa27847c706a9db33acda4b7d23bbd09a2d21eb4c2a54da915117414
  languageName: node
  linkType: hard

"readable-stream@npm:^3.6.0":
  version: 3.6.2
  resolution: "readable-stream@npm:3.6.2"
  dependencies:
    inherits: ^2.0.3
    string_decoder: ^1.1.1
    util-deprecate: ^1.0.1
  checksum: bdcbe6c22e846b6af075e32cf8f4751c2576238c5043169a1c221c92ee2878458a816a4ea33f4c67623c0b6827c8a400409bfb3cf0bf3381392d0b1dfb52ac8d
  languageName: node
  linkType: hard

"readable-web-to-node-stream@npm:^3.0.2":
  version: 3.0.2
  resolution: "readable-web-to-node-stream@npm:3.0.2"
  dependencies:
    readable-stream: ^3.6.0
  checksum: 8c56cc62c68513425ddfa721954875b382768f83fa20e6b31e365ee00cbe7a3d6296f66f7f1107b16cd3416d33aa9f1680475376400d62a081a88f81f0ea7f9c
  languageName: node
  linkType: hard

"safe-buffer@npm:~5.2.0":
  version: 5.2.1
  resolution: "safe-buffer@npm:5.2.1"
  checksum: b99c4b41fdd67a6aaf280fcd05e9ffb0813654894223afb78a31f14a19ad220bba8aba1cb14eddce1fcfb037155fe6de4e861784eb434f7d11ed58d1e70dd491
  languageName: node
  linkType: hard

"streamsearch@npm:^1.1.0":
  version: 1.1.0
  resolution: "streamsearch@npm:1.1.0"
  checksum: 1cce16cea8405d7a233d32ca5e00a00169cc0e19fbc02aa839959985f267335d435c07f96e5e0edd0eadc6d39c98d5435fb5bbbdefc62c41834eadc5622ad942
  languageName: node
  linkType: hard

"string_decoder@npm:^1.1.1":
  version: 1.3.0
  resolution: "string_decoder@npm:1.3.0"
  dependencies:
    safe-buffer: ~5.2.0
  checksum: 8417646695a66e73aefc4420eb3b84cc9ffd89572861fe004e6aeb13c7bc00e2f616247505d2dbbef24247c372f70268f594af7126f43548565c68c117bdeb56
  languageName: node
  linkType: hard

"strtok3@npm:^7.0.0":
  version: 7.0.0
  resolution: "strtok3@npm:7.0.0"
  dependencies:
    "@tokenizer/token": ^0.3.0
    peek-readable: ^5.0.0
  checksum: 2ebe7ad8f2aea611dec6742cf6a42e82764892a362907f7ce493faf334501bf981ce21c828dcc300457e6d460dc9c34d644ededb3b01dcb9e37559203cf1748c
  languageName: node
  linkType: hard

"token-types@npm:^5.0.1":
  version: 5.0.1
  resolution: "token-types@npm:5.0.1"
  dependencies:
    "@tokenizer/token": ^0.3.0
    ieee754: ^1.2.1
  checksum: 32780123bc6ce8b6a2231d860445c994a02a720abf38df5583ea957aa6626873cd1c4dd8af62314da4cf16ede00c379a765707a3b06f04b8808c38efdae1c785
  languageName: node
  linkType: hard

"ts-mixer@npm:^6.0.3":
  version: 6.0.3
  resolution: "ts-mixer@npm:6.0.3"
  checksum: 7fbaba0a413bf817835a6a23d46bccf4192dd4d7345b6bae9d594c88acffac35bf4995ef3cce753090c8abcdf2afd16dba8899365584a1f960ccc2a15bf2e2d6
  languageName: node
  linkType: hard

"tslib@npm:^2.4.0, tslib@npm:^2.5.0":
  version: 2.5.0
  resolution: "tslib@npm:2.5.0"
  checksum: ae3ed5f9ce29932d049908ebfdf21b3a003a85653a9a140d614da6b767a93ef94f460e52c3d787f0e4f383546981713f165037dc2274df212ea9f8a4541004e1
  languageName: node
  linkType: hard

"typescript@npm:^5.0.3, typescript@npm:^5.0.4":
  version: 5.0.4
  resolution: "typescript@npm:5.0.4"
  bin:
    tsc: bin/tsc
    tsserver: bin/tsserver
  checksum: 82b94da3f4604a8946da585f7d6c3025fff8410779e5bde2855ab130d05e4fd08938b9e593b6ebed165bda6ad9292b230984f10952cf82f0a0ca07bbeaa08172
  languageName: node
  linkType: hard

"typescript@patch:typescript@^5.0.3#~builtin<compat/typescript>, typescript@patch:typescript@^5.0.4#~builtin<compat/typescript>":
  version: 5.0.4
  resolution: "typescript@patch:typescript@npm%3A5.0.4#~builtin<compat/typescript>::version=5.0.4&hash=b5f058"
  bin:
    tsc: bin/tsc
    tsserver: bin/tsserver
  checksum: d26b6ba97b6d163c55dbdffd9bbb4c211667ebebc743accfeb2c8c0154aace7afd097b51165a72a5bad2cf65a4612259344ff60f8e642362aa1695c760d303ac
  languageName: node
  linkType: hard

"undici@npm:^5.22.0":
  version: 5.22.0
  resolution: "undici@npm:5.22.0"
  dependencies:
    busboy: ^1.6.0
  checksum: 8dc55240a60ae7680798df344e8f46ad0f872ed0fa434fb94cc4fd2b5b2f8053bdf11994d15902999d3880f9bf7cd875a2e90883d2702bf0f366dacd9cbf3fc6
  languageName: node
  linkType: hard

"util-deprecate@npm:^1.0.1":
  version: 1.0.2
  resolution: "util-deprecate@npm:1.0.2"
  checksum: 474acf1146cb2701fe3b074892217553dfcf9a031280919ba1b8d651a068c9b15d863b7303cb15bd00a862b498e6cf4ad7b4a08fb134edd5a6f7641681cb54a2
  languageName: node
  linkType: hard

"ws@npm:^8.13.0":
  version: 8.13.0
  resolution: "ws@npm:8.13.0"
  peerDependencies:
    bufferutil: ^4.0.1
    utf-8-validate: ">=5.0.2"
  peerDependenciesMeta:
    bufferutil:
      optional: true
    utf-8-validate:
      optional: true
  checksum: 53e991bbf928faf5dc6efac9b8eb9ab6497c69feeb94f963d648b7a3530a720b19ec2e0ec037344257e05a4f35bd9ad04d9de6f289615ffb133282031b18c61c
  languageName: node
  linkType: hard

"yarn-upgrade-all@npm:^0.7.2":
  version: 0.7.2
  resolution: "yarn-upgrade-all@npm:0.7.2"
  bin:
    yarn-upgrade-all: build/index.js
  checksum: accf406dda39ea10045237e2072c33d788836998bff68d8a2ebdf7c7e84fd8e7dfd78c0070f9ee2923f09336ed8f9523ac72371e4d7318f7870ea3223b4885cb
  languageName: node
  linkType: hard
